
Microsoft Visual Studio Solution File, Format Version 12.00
# Visual Studio 2013
VisualStudioVersion = 12.0.21005.1
MinimumVisualStudioVersion = 10.0.40219.1
Project("{FAE04EC0-301F-11D3-BF4B-00C04F79EFBC}") = "ListaComprasWeb", "ListaComprasWeb\ListaComprasWeb.csproj", "{D3B56F37-7D17-436C-B89D-987316AC6BAF}"
EndProject
Project("{FAE04EC0-301F-11D3-BF4B-00C04F79EFBC}") = "ListaCompras.Data", "ListaDeCompras.Dal\ListaCompras.Data.csproj", "{7220B691-11EE-48D9-817C-3AFDF9828F2C}"
EndProject
Project("{FAE04EC0-301F-11D3-BF4B-00C04F79EFBC}") = "ListaCompras.Domain", "ListaCompras.Domain\ListaCompras.Domain.csproj", "{B2923546-CC47-4F13-8D85-5CF8C0D83E2F}"
EndProject
Project("{2150E333-8FDC-42A3-9474-1A3956D46DE8}") = "Tests", "Tests", "{B272ABC7-10A5-40FF-A15C-C243CB30882A}"
EndProject
Project("{FAE04EC0-301F-11D3-BF4B-00C04F79EFBC}") = "ListaCompras.Domain.Tests", "ListaCompras.Domain.Tests\ListaCompras.Domain.Tests.csproj", "{B02E1647-F3F0-4C60-8945-0A9C9A6590CC}"
EndProject
Global
	GlobalSection(SolutionConfigurationPlatforms) = preSolution
		Debug|Any CPU = Debug|Any CPU
		Release|Any CPU = Release|Any CPU
	EndGlobalSection
	GlobalSection(ProjectConfigurationPlatforms) = postSolution
		{D3B56F37-7D17-436C-B89D-987316AC6BAF}.Debug|Any CPU.ActiveCfg = Debug|Any CPU
		{D3B56F37-7D17-436C-B89D-987316AC6BAF}.Debug|Any CPU.Build.0 = Debug|Any CPU
		{D3B56F37-7D17-436C-B89D-987316AC6BAF}.Release|Any CPU.ActiveCfg = Release|Any CPU
		{D3B56F37-7D17-436C-B89D-987316AC6BAF}.Release|Any CPU.Build.0 = Release|Any CPU
		{7220B691-11EE-48D9-817C-3AFDF9828F2C}.Debug|Any CPU.ActiveCfg = Debug|Any CPU
		{7220B691-11EE-48D9-817C-3AFDF9828F2C}.Debug|Any CPU.Build.0 = Debug|Any CPU
		{7220B691-11EE-48D9-817C-3AFDF9828F2C}.Release|Any CPU.ActiveCfg = Release|Any CPU
		{7220B691-11EE-48D9-817C-3AFDF9828F2C}.Release|Any CPU.Build.0 = Release|Any CPU
		{B2923546-CC47-4F13-8D85-5CF8C0D83E2F}.Debug|Any CPU.ActiveCfg = Debug|Any CPU
		{B2923546-CC47-4F13-8D85-5CF8C0D83E2F}.Debug|Any CPU.Build.0 = Debug|Any CPU
		{B2923546-CC47-4F13-8D85-5CF8C0D83E2F}.Release|Any CPU.ActiveCfg = Release|Any CPU
		{B2923546-CC47-4F13-8D85-5CF8C0D83E2F}.Release|Any CPU.Build.0 = Release|Any CPU
		{B02E1647-F3F0-4C60-8945-0A9C9A6590CC}.Debug|Any CPU.ActiveCfg = Debug|Any CPU
		{B02E1647-F3F0-4C60-8945-0A9C9A6590CC}.Debug|Any CPU.Build.0 = Debug|Any CPU
		{B02E1647-F3F0-4C60-8945-0A9C9A6590CC}.Release|Any CPU.ActiveCfg = Release|Any CPU
		{B02E1647-F3F0-4C60-8945-0A9C9A6590CC}.Release|Any CPU.Build.0 = Release|Any CPU
	EndGlobalSection
	GlobalSection(SolutionProperties) = preSolution
		HideSolutionNode = FALSE
	EndGlobalSection
	GlobalSection(NestedProjects) = preSolution
		{B02E1647-F3F0-4C60-8945-0A9C9A6590CC} = {B272ABC7-10A5-40FF-A15C-C243CB30882A}
	EndGlobalSection
EndGlobal
